// !$*UTF8*$!
{
	archiveVersion = 1;
	classes = {
	};
	objectVersion = 51;
	objects = {

/* Begin PBXBuildFile section */
		5800F186229D97C800D72090 /* PopView.swift in Sources */ = {isa = PBXBuildFile; fileRef = 5800F185229D97C800D72090 /* PopView.swift */; };
		580CB433229BD06B00C0DD94 /* AppDelegate.swift in Sources */ = {isa = PBXBuildFile; fileRef = 580CB432229BD06B00C0DD94 /* AppDelegate.swift */; };
		580CB435229BD06B00C0DD94 /* ViewController.swift in Sources */ = {isa = PBXBuildFile; fileRef = 580CB434229BD06B00C0DD94 /* ViewController.swift */; };
		580CB438229BD06B00C0DD94 /* Main.storyboard in Resources */ = {isa = PBXBuildFile; fileRef = 580CB436229BD06B00C0DD94 /* Main.storyboard */; };
		580CB43A229BD06C00C0DD94 /* Assets.xcassets in Resources */ = {isa = PBXBuildFile; fileRef = 580CB439229BD06C00C0DD94 /* Assets.xcassets */; };
		580CB43D229BD06C00C0DD94 /* LaunchScreen.storyboard in Resources */ = {isa = PBXBuildFile; fileRef = 580CB43B229BD06C00C0DD94 /* LaunchScreen.storyboard */; };
		5BC57CDDE7AAA6D62224D51C /* Pods_UIDemo.framework in Frameworks */ = {isa = PBXBuildFile; fileRef = 60C6EB593D4F4DC6B359D5C4 /* Pods_UIDemo.framework */; };
/* End PBXBuildFile section */

/* Begin PBXFileReference section */
		2AA2B2A312D1670EE471E90D /* Pods-UIDemo.debug.xcconfig */ = {isa = PBXFileReference; includeInIndex = 1; lastKnownFileType = text.xcconfig; name = "Pods-UIDemo.debug.xcconfig"; path = "Target Support Files/Pods-UIDemo/Pods-UIDemo.debug.xcconfig"; sourceTree = "<group>"; };
		5800F185229D97C800D72090 /* PopView.swift */ = {isa = PBXFileReference; lastKnownFileType = sourcecode.swift; path = PopView.swift; sourceTree = "<group>"; };
		580CB42F229BD06B00C0DD94 /* UIDemo.app */ = {isa = PBXFileReference; explicitFileType = wrapper.application; includeInIndex = 0; path = UIDemo.app; sourceTree = BUILT_PRODUCTS_DIR; };
		580CB432229BD06B00C0DD94 /* AppDelegate.swift */ = {isa = PBXFileReference; lastKnownFileType = sourcecode.swift; path = AppDelegate.swift; sourceTree = "<group>"; };
		580CB434229BD06B00C0DD94 /* ViewController.swift */ = {isa = PBXFileReference; lastKnownFileType = sourcecode.swift; path = ViewController.swift; sourceTree = "<group>"; };
		580CB437229BD06B00C0DD94 /* Base */ = {isa = PBXFileReference; lastKnownFileType = file.storyboard; name = Base; path = Base.lproj/Main.storyboard; sourceTree = "<group>"; };
		580CB439229BD06C00C0DD94 /* Assets.xcassets */ = {isa = PBXFileReference; lastKnownFileType = folder.assetcatalog; path = Assets.xcassets; sourceTree = "<group>"; };
		580CB43C229BD06C00C0DD94 /* Base */ = {isa = PBXFileReference; lastKnownFileType = file.storyboard; name = Base; path = Base.lproj/LaunchScreen.storyboard; sourceTree = "<group>"; };
		580CB43E229BD06C00C0DD94 /* Info.plist */ = {isa = PBXFileReference; lastKnownFileType = text.plist.xml; path = Info.plist; sourceTree = "<group>"; };
		60C6EB593D4F4DC6B359D5C4 /* Pods_UIDemo.framework */ = {isa = PBXFileReference; explicitFileType = wrapper.framework; includeInIndex = 0; path = Pods_UIDemo.framework; sourceTree = BUILT_PRODUCTS_DIR; };
		C97AD30E7933AE8BA315E6F3 /* Pods-UIDemo.release.xcconfig */ = {isa = PBXFileReference; includeInIndex = 1; lastKnownFileType = text.xcconfig; name = "Pods-UIDemo.release.xcconfig"; path = "Target Support Files/Pods-UIDemo/Pods-UIDemo.release.xcconfig"; sourceTree = "<group>"; };
/* End PBXFileReference section */

/* Begin PBXFrameworksBuildPhase section */
		580CB42C229BD06B00C0DD94 /* Frameworks */ = {
			isa = PBXFrameworksBuildPhase;
			buildActionMask = 2147483647;
			files = (
				5BC57CDDE7AAA6D62224D51C /* Pods_UIDemo.framework in Frameworks */,
			);
			runOnlyForDeploymentPostprocessing = 0;
		};
/* End PBXFrameworksBuildPhase section */

/* Begin PBXGroup section */
		580CB426229BD06B00C0DD94 = {
			isa = PBXGroup;
			children = (
				580CB431229BD06B00C0DD94 /* UIDemo */,
				580CB430229BD06B00C0DD94 /* Products */,
				90FDC06F03B3494BF2AA38FB /* Pods */,
				883297190F88F410353A5D8E /* Frameworks */,
			);
			sourceTree = "<group>";
		};
		580CB430229BD06B00C0DD94 /* Products */ = {
			isa = PBXGroup;
			children = (
				580CB42F229BD06B00C0DD94 /* UIDemo.app */,
			);
			name = Products;
			sourceTree = "<group>";
		};
		580CB431229BD06B00C0DD94 /* UIDemo */ = {
			isa = PBXGroup;
			children = (
				580CB432229BD06B00C0DD94 /* AppDelegate.swift */,
				580CB434229BD06B00C0DD94 /* ViewController.swift */,
				5800F185229D97C800D72090 /* PopView.swift */,
				580CB436229BD06B00C0DD94 /* Main.storyboard */,
				580CB439229BD06C00C0DD94 /* Assets.xcassets */,
				580CB43B229BD06C00C0DD94 /* LaunchScreen.storyboard */,
				580CB43E229BD06C00C0DD94 /* Info.plist */,
			);
			path = UIDemo;
			sourceTree = "<group>";
		};
		883297190F88F410353A5D8E /* Frameworks */ = {
			isa = PBXGroup;
			children = (
				60C6EB593D4F4DC6B359D5C4 /* Pods_UIDemo.framework */,
			);
			name = Frameworks;
			sourceTree = "<group>";
		};
		90FDC06F03B3494BF2AA38FB /* Pods */ = {
			isa = PBXGroup;
			children = (
				2AA2B2A312D1670EE471E90D /* Pods-UIDemo.debug.xcconfig */,
				C97AD30E7933AE8BA315E6F3 /* Pods-UIDemo.release.xcconfig */,
			);
			path = Pods;
			sourceTree = "<group>";
		};
/* End PBXGroup section */

/* Begin PBXNativeTarget section */
		580CB42E229BD06B00C0DD94 /* UIDemo */ = {
			isa = PBXNativeTarget;
			buildConfigurationList = 580CB441229BD06C00C0DD94 /* Build configuration list for PBXNativeTarget "UIDemo" */;
			buildPhases = (
				16C2AB27F6FD85A5724AE36A /* [CP] Check Pods Manifest.lock */,
				580CB42B229BD06B00C0DD94 /* Sources */,
				580CB42C229BD06B00C0DD94 /* Frameworks */,
				580CB42D229BD06B00C0DD94 /* Resources */,
				CE9E13C0FCF35785F57FF395 /* [CP] Embed Pods Frameworks */,
				C1DCAEBF0DDCFDC5ED15272B /* [CP] Copy Pods Resources */,
			);
			buildRules = (
			);
			dependencies = (
			);
			name = UIDemo;
			productName = UIDemo;
			productReference = 580CB42F229BD06B00C0DD94 /* UIDemo.app */;
			productType = "com.apple.product-type.application";
		};
/* End PBXNativeTarget section */

/* Begin PBXProject section */
		580CB427229BD06B00C0DD94 /* Project object */ = {
			isa = PBXProject;
			attributes = {
				LastSwiftUpdateCheck = 1020;
				LastUpgradeCheck = 1020;
				ORGANIZATIONNAME = JLM;
				TargetAttributes = {
					580CB42E229BD06B00C0DD94 = {
						CreatedOnToolsVersion = 10.2.1;
					};
				};
			};
			buildConfigurationList = 580CB42A229BD06B00C0DD94 /* Build configuration list for PBXProject "UIDemo" */;
			compatibilityVersion = "Xcode 9.3";
			developmentRegion = en;
			hasScannedForEncodings = 0;
			knownRegions = (
				en,
				Base,
			);
			mainGroup = 580CB426229BD06B00C0DD94;
			productRefGroup = 580CB430229BD06B00C0DD94 /* Products */;
			projectDirPath = "";
			projectRoot = "";
			targets = (
				580CB42E229BD06B00C0DD94 /* UIDemo */,
			);
		};
/* End PBXProject section */

/* Begin PBXResourcesBuildPhase section */
		580CB42D229BD06B00C0DD94 /* Resources */ = {
			isa = PBXResourcesBuildPhase;
			buildActionMask = 2147483647;
			files = (
				580CB43D229BD06C00C0DD94 /* LaunchScreen.storyboard in Resources */,
				580CB43A229BD06C00C0DD94 /* Assets.xcassets in Resources */,
				580CB438229BD06B00C0DD94 /* Main.storyboard in Resources */,
			);
			runOnlyForDeploymentPostprocessing = 0;
		};
/* End PBXResourcesBuildPhase section */

/* Begin PBXShellScriptBuildPhase section */
		16C2AB27F6FD85A5724AE36A /* [CP] Check Pods Manifest.lock */ = {
			isa = PBXShellScriptBuildPhase;
			buildActionMask = 2147483647;
			files = (
			);
			inputFileListPaths = (
			);
			inputPaths = (
				"${PODS_PODFILE_DIR_PATH}/Podfile.lock",
				"${PODS_ROOT}/Manifest.lock",
			);
			name = "[CP] Check Pods Manifest.lock";
			outputFileListPaths = (
			);
			outputPaths = (
				"$(DERIVED_FILE_DIR)/Pods-UIDemo-checkManifestLockResult.txt",
			);
			runOnlyForDeploymentPostprocessing = 0;
			shellPath = /bin/sh;
			shellScript = "diff \"${PODS_PODFILE_DIR_PATH}/Podfile.lock\" \"${PODS_ROOT}/Manifest.lock\" > /dev/null\nif [ $? != 0 ] ; then\n    # print error to STDERR\n    echo \"error: The sandbox is not in sync with the Podfile.lock. Run 'pod install' or update your CocoaPods installation.\" >&2\n    exit 1\nfi\n# This output is used by Xcode 'outputs' to avoid re-running this script phase.\necho \"SUCCESS\" > \"${SCRIPT_OUTPUT_FILE_0}\"\n";
			showEnvVarsInLog = 0;
		};
		C1DCAEBF0DDCFDC5ED15272B /* [CP] Copy Pods Resources */ = {
			isa = PBXShellScriptBuildPhase;
			buildActionMask = 2147483647;
			files = (
			);
			inputFileListPaths = (
				"${PODS_ROOT}/Target Support Files/Pods-UIDemo/Pods-UIDemo-resources-${CONFIGURATION}-input-files.xcfilelist",
			);
			name = "[CP] Copy Pods Resources";
			outputFileListPaths = (
				"${PODS_ROOT}/Target Support Files/Pods-UIDemo/Pods-UIDemo-resources-${CONFIGURATION}-output-files.xcfilelist",
			);
			runOnlyForDeploymentPostprocessing = 0;
			shellPath = /bin/sh;
			shellScript = "\"${PODS_ROOT}/Target Support Files/Pods-UIDemo/Pods-UIDemo-resources.sh\"\n";
			showEnvVarsInLog = 0;
		};
		CE9E13C0FCF35785F57FF395 /* [CP] Embed Pods Frameworks */ = {
			isa = PBXShellScriptBuildPhase;
			buildActionMask = 2147483647;
			files = (
			);
			inputFileListPaths = (
				"${PODS_ROOT}/Target Support Files/Pods-UIDemo/Pods-UIDemo-frameworks-${CONFIGURATION}-input-files.xcfilelist",
			);
			name = "[CP] Embed Pods Frameworks";
			outputFileListPaths = (
				"${PODS_ROOT}/Target Support Files/Pods-UIDemo/Pods-UIDemo-frameworks-${CONFIGURATION}-output-files.xcfilelist",
			);
			runOnlyForDeploymentPostprocessing = 0;
			shellPath = /bin/sh;
			shellScript = "\"${PODS_ROOT}/Target Support Files/Pods-UIDemo/Pods-UIDemo-frameworks.sh\"\n";
			showEnvVarsInLog = 0;
		};
/* End PBXShellScriptBuildPhase section */

/* Begin PBXSourcesBuildPhase section */
		580CB42B229BD06B00C0DD94 /* Sources */ = {
			isa = PBXSourcesBuildPhase;
			buildActionMask = 2147483647;
			files = (
				580CB435229BD06B00C0DD94 /* ViewController.swift in Sources */,
				5800F186229D97C800D72090 /* PopView.swift in Sources */,
				580CB433229BD06B00C0DD94 /* AppDelegate.swift in Sources */,
			);
			runOnlyForDeploymentPostprocessing = 0;
		};
/* End PBXSourcesBuildPhase section */

/* Begin PBXVariantGroup section */
		580CB436229BD06B00C0DD94 /* Main.storyboard */ = {
			isa = PBXVariantGroup;
			children = (
				580CB437229BD06B00C0DD94 /* Base */,
			);
			name = Main.storyboard;
			sourceTree = "<group>";
		};
		580CB43B229BD06C00C0DD94 /* LaunchScreen.storyboard */ = {
			isa = PBXVariantGroup;
			children = (
				580CB43C229BD06C00C0DD94 /* Base */,
			);
			name = LaunchScreen.storyboard;
			sourceTree = "<group>";
		};
/* End PBXVariantGroup section */

/* Begin XCBuildConfiguration section */
		580CB43F229BD06C00C0DD94 /* Debug */ = {
			isa = XCBuildConfiguration;
			buildSettings = {
				ALWAYS_SEARCH_USER_PATHS = NO;
				CLANG_ANALYZER_NONNULL = YES;
				CLANG_ANALYZER_NUMBER_OBJECT_CONVERSION = YES_AGGRESSIVE;
				CLANG_CXX_LANGUAGE_STANDARD = "gnu++14";
				CLANG_CXX_LIBRARY = "libc++";
				CLANG_ENABLE_MODULES = YES;
				CLANG_ENABLE_OBJC_ARC = YES;
				CLANG_ENABLE_OBJC_WEAK = YES;
				CLANG_WARN_BLOCK_CAPTURE_AUTORELEASING = YES;
				CLANG_WARN_BOOL_CONVERSION = YES;
				CLANG_WARN_COMMA = YES;
				CLANG_WARN_CONSTANT_CONVERSION = YES;
				CLANG_WARN_DEPRECATED_OBJC_IMPLEMENTATIONS = YES;
				CLANG_WARN_DIRECT_OBJC_ISA_USAGE = YES_ERROR;
				CLANG_WARN_DOCUMENTATION_COMMENTS = YES;
				CLANG_WARN_EMPTY_BODY = YES;
				CLANG_WARN_ENUM_CONVERSION = YES;
				CLANG_WARN_INFINITE_RECURSION = YES;
				CLANG_WARN_INT_CONVERSION = YES;
				CLANG_WARN_NON_LITERAL_NULL_CONVERSION = YES;
				CLANG_WARN_OBJC_IMPLICIT_RETAIN_SELF = YES;
				CLANG_WARN_OBJC_LITERAL_CONVERSION = YES;
				CLANG_WARN_OBJC_ROOT_CLASS = YES_ERROR;
				CLANG_WARN_RANGE_LOOP_ANALYSIS = YES;
				CLANG_WARN_STRICT_PROTOTYPES = YES;
				CLANG_WARN_SUSPICIOUS_MOVE = YES;
				CLANG_WARN_UNGUARDED_AVAILABILITY = YES_AGGRESSIVE;
				CLANG_WARN_UNREACHABLE_CODE = YES;
				CLANG_WARN__DUPLICATE_METHOD_MATCH = YES;
				CODE_SIGN_IDENTITY = "iPhone Developer";
				COPY_PHASE_STRIP = NO;
				DEBUG_INFORMATION_FORMAT = dwarf;
				ENABLE_STRICT_OBJC_MSGSEND = YES;
				ENABLE_TESTABILITY = YES;
				GCC_C_LANGUAGE_STANDARD = gnu11;
				GCC_DYNAMIC_NO_PIC = NO;
				GCC_NO_COMMON_BLOCKS = YES;
				GCC_OPTIMIZATION_LEVEL = 0;
				GCC_PREPROCESSOR_DEFINITIONS = (
					"DEBUG=1",
					"$(inherited)",
				);
				GCC_WARN_64_TO_32_BIT_CONVERSION = YES;
				GCC_WARN_ABOUT_RETURN_TYPE = YES_ERROR;
				GCC_WARN_UNDECLARED_SELECTOR = YES;
				GCC_WARN_UNINITIALIZED_AUTOS = YES_AGGRESSIVE;
				GCC_WARN_UNUSED_FUNCTION = YES;
				GCC_WARN_UNUSED_VARIABLE = YES;
				IPHONEOS_DEPLOYMENT_TARGET = 12.2;
				MTL_ENABLE_DEBUG_INFO = INCLUDE_SOURCE;
				MTL_FAST_MATH = YES;
				ONLY_ACTIVE_ARCH = YES;
				SDKROOT = iphoneos;
				SWIFT_ACTIVE_COMPILATION_CONDITIONS = DEBUG;
				SWIFT_OPTIMIZATION_LEVEL = "-Onone";
			};
			name = Debug;
		};
		580CB440229BD06C00C0DD94 /* Release */ = {
			isa = XCBuildConfiguration;
			buildSettings = {
				ALWAYS_SEARCH_USER_PATHS = NO;
				CLANG_ANALYZER_NONNULL = YES;
				CLANG_ANALYZER_NUMBER_OBJECT_CONVERSION = YES_AGGRESSIVE;
				CLANG_CXX_LANGUAGE_STANDARD = "gnu++14";
				CLANG_CXX_LIBRARY = "libc++";
				CLANG_ENABLE_MODULES = YES;
				CLANG_ENABLE_OBJC_ARC = YES;
				CLANG_ENABLE_OBJC_WEAK = YES;
				CLANG_WARN_BLOCK_CAPTURE_AUTORELEASING = YES;
				CLANG_WARN_BOOL_CONVERSION = YES;
				CLANG_WARN_COMMA = YES;
				CLANG_WARN_CONSTANT_CONVERSION = YES;
				CLANG_WARN_DEPRECATED_OBJC_IMPLEMENTATIONS = YES;
				CLANG_WARN_DIRECT_OBJC_ISA_USAGE = YES_ERROR;
				CLANG_WARN_DOCUMENTATION_COMMENTS = YES;
				CLANG_WARN_EMPTY_BODY = YES;
				CLANG_WARN_ENUM_CONVERSION = YES;
				CLANG_WARN_INFINITE_RECURSION = YES;
				CLANG_WARN_INT_CONVERSION = YES;
				CLANG_WARN_NON_LITERAL_NULL_CONVERSION = YES;
				CLANG_WARN_OBJC_IMPLICIT_RETAIN_SELF = YES;
				CLANG_WARN_OBJC_LITERAL_CONVERSION = YES;
				CLANG_WARN_OBJC_ROOT_CLASS = YES_ERROR;
				CLANG_WARN_RANGE_LOOP_ANALYSIS = YES;
				CLANG_WARN_STRICT_PROTOTYPES = YES;
				CLANG_WARN_SUSPICIOUS_MOVE = YES;
				CLANG_WARN_UNGUARDED_AVAILABILITY = YES_AGGRESSIVE;
				CLANG_WARN_UNREACHABLE_CODE = YES;
				CLANG_WARN__DUPLICATE_METHOD_MATCH = YES;
				CODE_SIGN_IDENTITY = "iPhone Developer";
				COPY_PHASE_STRIP = NO;
				DEBUG_INFORMATION_FORMAT = "dwarf-with-dsym";
				ENABLE_NS_ASSERTIONS = NO;
				ENABLE_STRICT_OBJC_MSGSEND = YES;
				GCC_C_LANGUAGE_STANDARD = gnu11;
				GCC_NO_COMMON_BLOCKS = YES;
				GCC_WARN_64_TO_32_BIT_CONVERSION = YES;
				GCC_WARN_ABOUT_RETURN_TYPE = YES_ERROR;
				GCC_WARN_UNDECLARED_SELECTOR = YES;
				GCC_WARN_UNINITIALIZED_AUTOS = YES_AGGRESSIVE;
				GCC_WARN_UNUSED_FUNCTION = YES;
				GCC_WARN_UNUSED_VARIABLE = YES;
				IPHONEOS_DEPLOYMENT_TARGET = 12.2;
				MTL_ENABLE_DEBUG_INFO = NO;
				MTL_FAST_MATH = YES;
				SDKROOT = iphoneos;
				SWIFT_COMPILATION_MODE = wholemodule;
				SWIFT_OPTIMIZATION_LEVEL = "-O";
				VALIDATE_PRODUCT = YES;
			};
			name = Release;
		};
		580CB442229BD06C00C0DD94 /* Debug */ = {
			isa = XCBuildConfiguration;
			baseConfigurationReference = 2AA2B2A312D1670EE471E90D /* Pods-UIDemo.debug.xcconfig */;
			buildSettings = {
				ASSETCATALOG_COMPILER_APPICON_NAME = AppIcon;
				CODE_SIGN_STYLE = Automatic;
				DEVELOPMENT_TEAM = M8D33L22R8;
				INFOPLIST_FILE = UIDemo/Info.plist;
				IPHONEOS_DEPLOYMENT_TARGET = 10.0;
				LD_RUNPATH_SEARCH_PATHS = (
					"$(inherited)",
					"@executable_path/Frameworks",
				);
				PRODUCT_BUNDLE_IDENTIFIER = com.JLM.UIDemo;
				PRODUCT_NAME = "$(TARGET_NAME)";
				SWIFT_VERSION = 5.0;
				TARGETED_DEVICE_FAMILY = "1,2";
			};
			name = Debug;
		};
		580CB443229BD06C00C0DD94 /* Release */ = {
			isa = XCBuildConfiguration;
			baseConfigurationReference = C97AD30E7933AE8BA315E6F3 /* Pods-UIDemo.release.xcconfig */;
			buildSettings = {
				ASSETCATALOG_COMPILER_APPICON_NAME = AppIcon;
				CODE_SIGN_STYLE = Automatic;
				DEVELOPMENT_TEAM = M8D33L22R8;
				INFOPLIST_FILE = UIDemo/Info.plist;
				IPHONEOS_DEPLOYMENT_TARGET = 10.0;
				LD_RUNPATH_SEARCH_PATHS = (
					"$(inherited)",
					"@executable_path/Frameworks",
				);
				PRODUCT_BUNDLE_IDENTIFIER = com.JLM.UIDemo;
				PRODUCT_NAME = "$(TARGET_NAME)";
				SWIFT_VERSION = 5.0;
				TARGETED_DEVICE_FAMILY = "1,2";
			};
			name = Release;
		};
/* End XCBuildConfiguration section */

/* Begin XCConfigurationList section */
		580CB42A229BD06B00C0DD94 /* Build configuration list for PBXProject "UIDemo" */ = {
			isa = XCConfigurationList;
			buildConfigurations = (
				580CB43F229BD06C00C0DD94 /* Debug */,
				580CB440229BD06C00C0DD94 /* Release */,
			);
			defaultConfigurationIsVisible = 0;
			defaultConfigurationName = Release;
		};
		580CB441229BD06C00C0DD94 /* Build configuration list for PBXNativeTarget "UIDemo" */ = {
			isa = XCConfigurationList;
			buildConfigurations = (
				580CB442229BD06C00C0DD94 /* Debug */,
				580CB443229BD06C00C0DD94 /* Release */,
			);
			defaultConfigurationIsVisible = 0;
			defaultConfigurationName = Release;
		};
/* End XCConfigurationList section */
	};
	rootObject = 580CB427229BD06B00C0DD94 /* Project object */;
}
